
Microsoft Visual Studio Solution File, Format Version 12.00
# Visual Studio Version 16
VisualStudioVersion = 16.0.32929.386
MinimumVisualStudioVersion = 10.0.40219.1
Project("{9A19103F-16F7-4668-BE54-9A1E7A4F7556}") = "UsuariosFron", "UsuariosFron\UsuariosFron.csproj", "{F6E5CEB8-D4C7-4FE5-BF87-1BD1A9DA663C}"
EndProject
Project("{FAE04EC0-301F-11D3-BF4B-00C04F79EFBC}") = "WcfUsuario", "WcfUsuario\WcfUsuario.csproj", "{C9C762AE-43BF-4B7D-BFA6-8250981222EC}"
EndProject
Project("{FAE04EC0-301F-11D3-BF4B-00C04F79EFBC}") = "Datos", "Datos\Datos.csproj", "{4CF289CD-B4DB-416F-8E9F-AC74E04B3886}"
EndProject
Global
	GlobalSection(SolutionConfigurationPlatforms) = preSolution
		Debug|Any CPU = Debug|Any CPU
		Release|Any CPU = Release|Any CPU
	EndGlobalSection
	GlobalSection(ProjectConfigurationPlatforms) = postSolution
		{F6E5CEB8-D4C7-4FE5-BF87-1BD1A9DA663C}.Debug|Any CPU.ActiveCfg = Debug|Any CPU
		{F6E5CEB8-D4C7-4FE5-BF87-1BD1A9DA663C}.Debug|Any CPU.Build.0 = Debug|Any CPU
		{F6E5CEB8-D4C7-4FE5-BF87-1BD1A9DA663C}.Release|Any CPU.ActiveCfg = Release|Any CPU
		{F6E5CEB8-D4C7-4FE5-BF87-1BD1A9DA663C}.Release|Any CPU.Build.0 = Release|Any CPU
		{C9C762AE-43BF-4B7D-BFA6-8250981222EC}.Debug|Any CPU.ActiveCfg = Debug|Any CPU
		{C9C762AE-43BF-4B7D-BFA6-8250981222EC}.Debug|Any CPU.Build.0 = Debug|Any CPU
		{C9C762AE-43BF-4B7D-BFA6-8250981222EC}.Release|Any CPU.ActiveCfg = Release|Any CPU
		{C9C762AE-43BF-4B7D-BFA6-8250981222EC}.Release|Any CPU.Build.0 = Release|Any CPU
		{4CF289CD-B4DB-416F-8E9F-AC74E04B3886}.Debug|Any CPU.ActiveCfg = Debug|Any CPU
		{4CF289CD-B4DB-416F-8E9F-AC74E04B3886}.Debug|Any CPU.Build.0 = Debug|Any CPU
		{4CF289CD-B4DB-416F-8E9F-AC74E04B3886}.Release|Any CPU.ActiveCfg = Release|Any CPU
		{4CF289CD-B4DB-416F-8E9F-AC74E04B3886}.Release|Any CPU.Build.0 = Release|Any CPU
	EndGlobalSection
	GlobalSection(SolutionProperties) = preSolution
		HideSolutionNode = FALSE
	EndGlobalSection
	GlobalSection(ExtensibilityGlobals) = postSolution
		SolutionGuid = {23FF9C7E-9EDA-4201-9639-C5ED482BCB63}
	EndGlobalSection
EndGlobal
